
Microsoft Visual Studio Solution File, Format Version 12.00
# Visual Studio Version 17
VisualStudioVersion = 17.8.34330.188
MinimumVisualStudioVersion = 10.0.40219.1
Project("{FAE04EC0-301F-11D3-BF4B-00C04F79EFBC}") = "Supermarket", "Supermarket.csproj", "{9727728D-8B58-4710-9839-98A1C98D387A}"
EndProject
Global
	GlobalSection(SolutionConfigurationPlatforms) = preSolution
		Debug|Any CPU = Debug|Any CPU
		Release|Any CPU = Release|Any CPU
	EndGlobalSection
	GlobalSection(ProjectConfigurationPlatforms) = postSolution
		{9727728D-8B58-4710-9839-98A1C98D387A}.Debug|Any CPU.ActiveCfg = Debug|Any CPU
		{9727728D-8B58-4710-9839-98A1C98D387A}.Debug|Any CPU.Build.0 = Debug|Any CPU
		{9727728D-8B58-4710-9839-98A1C98D387A}.Release|Any CPU.ActiveCfg = Release|Any CPU
		{9727728D-8B58-4710-9839-98A1C98D387A}.Release|Any CPU.Build.0 = Release|Any CPU
	EndGlobalSection
	GlobalSection(SolutionProperties) = preSolution
		HideSolutionNode = FALSE
	EndGlobalSection
	GlobalSection(ExtensibilityGlobals) = postSolution
		SolutionGuid = {5916BE52-38F7-4DE2-A1FD-32708C61D6AA}
	EndGlobalSection
EndGlobal
